
Microsoft Visual Studio Solution File, Format Version 12.00
# Visual Studio Version 16
VisualStudioVersion = 16.0.32901.82
MinimumVisualStudioVersion = 10.0.40219.1
Project("{FAE04EC0-301F-11D3-BF4B-00C04F79EFBC}") = "Интернет магазин", "Интернет магазин\Интернет магазин.csproj", "{EF262135-9596-496E-9109-594AF832EB17}"
EndProject
Global
	GlobalSection(SolutionConfigurationPlatforms) = preSolution
		Debug|Any CPU = Debug|Any CPU
		Release|Any CPU = Release|Any CPU
	EndGlobalSection
	GlobalSection(ProjectConfigurationPlatforms) = postSolution
		{EF262135-9596-496E-9109-594AF832EB17}.Debug|Any CPU.ActiveCfg = Debug|Any CPU
		{EF262135-9596-496E-9109-594AF832EB17}.Debug|Any CPU.Build.0 = Debug|Any CPU
		{EF262135-9596-496E-9109-594AF832EB17}.Release|Any CPU.ActiveCfg = Release|Any CPU
		{EF262135-9596-496E-9109-594AF832EB17}.Release|Any CPU.Build.0 = Release|Any CPU
	EndGlobalSection
	GlobalSection(SolutionProperties) = preSolution
		HideSolutionNode = FALSE
	EndGlobalSection
	GlobalSection(ExtensibilityGlobals) = postSolution
		SolutionGuid = {548731CB-6CB6-4FA1-8E59-4B973FE7BC88}
	EndGlobalSection
EndGlobal
